// !$*UTF8*$!
{
	archiveVersion = 1;
	classes = {
	};
	objectVersion = 50;
	objects = {

/* Begin PBXBuildFile section */
		1EE3A3B33E3A4D88AD0F813A /* Pods_CookWithMe.framework in Frameworks */ = {isa = PBXBuildFile; fileRef = 798164FE3B7EA43B16755B7C /* Pods_CookWithMe.framework */; };
		220197292153FD7C0002B6BE /* AddDishViewController.swift in Sources */ = {isa = PBXBuildFile; fileRef = 220197282153FD7C0002B6BE /* AddDishViewController.swift */; };
		225B2C0121523011008CB82B /* AppDelegate.swift in Sources */ = {isa = PBXBuildFile; fileRef = 225B2C0021523011008CB82B /* AppDelegate.swift */; };
		225B2C0321523011008CB82B /* ViewController.swift in Sources */ = {isa = PBXBuildFile; fileRef = 225B2C0221523011008CB82B /* ViewController.swift */; };
		225B2C0621523011008CB82B /* Main.storyboard in Resources */ = {isa = PBXBuildFile; fileRef = 225B2C0421523011008CB82B /* Main.storyboard */; };
		225B2C0B21523015008CB82B /* LaunchScreen.storyboard in Resources */ = {isa = PBXBuildFile; fileRef = 225B2C0921523015008CB82B /* LaunchScreen.storyboard */; };
		22ADC823215388B200A8C760 /* Dish.swift in Sources */ = {isa = PBXBuildFile; fileRef = 22ADC822215388B200A8C760 /* Dish.swift */; };
		22ADC8262153980900A8C760 /* Assets.xcassets in Resources */ = {isa = PBXBuildFile; fileRef = 22ADC8252153980900A8C760 /* Assets.xcassets */; };
		22ADC8282153A4BA00A8C760 /* GoogleService-Info.plist in Resources */ = {isa = PBXBuildFile; fileRef = 22ADC8272153A4BA00A8C760 /* GoogleService-Info.plist */; };
		22ADC82A2153AFF900A8C760 /* DishBrowserTableViewController.swift in Sources */ = {isa = PBXBuildFile; fileRef = 22ADC8292153AFF900A8C760 /* DishBrowserTableViewController.swift */; };
		22BA14E621553A4B00EEA94C /* LoginViewController.swift in Sources */ = {isa = PBXBuildFile; fileRef = 22BA14E521553A4B00EEA94C /* LoginViewController.swift */; };
		22BA14E821553A6000EEA94C /* SignupViewController.swift in Sources */ = {isa = PBXBuildFile; fileRef = 22BA14E721553A6000EEA94C /* SignupViewController.swift */; };
		22C2A286215692AF0050EBD2 /* DishBrowserTableViewCell.swift in Sources */ = {isa = PBXBuildFile; fileRef = 22C2A285215692AF0050EBD2 /* DishBrowserTableViewCell.swift */; };
/* End PBXBuildFile section */

/* Begin PBXFileReference section */
		220197282153FD7C0002B6BE /* AddDishViewController.swift */ = {isa = PBXFileReference; lastKnownFileType = sourcecode.swift; path = AddDishViewController.swift; sourceTree = "<group>"; };
		225B2BFD21523011008CB82B /* CookWithMe.app */ = {isa = PBXFileReference; explicitFileType = wrapper.application; includeInIndex = 0; path = CookWithMe.app; sourceTree = BUILT_PRODUCTS_DIR; };
		225B2C0021523011008CB82B /* AppDelegate.swift */ = {isa = PBXFileReference; lastKnownFileType = sourcecode.swift; path = AppDelegate.swift; sourceTree = "<group>"; };
		225B2C0221523011008CB82B /* ViewController.swift */ = {isa = PBXFileReference; lastKnownFileType = sourcecode.swift; path = ViewController.swift; sourceTree = "<group>"; };
		225B2C0521523011008CB82B /* Base */ = {isa = PBXFileReference; lastKnownFileType = file.storyboard; name = Base; path = Base.lproj/Main.storyboard; sourceTree = "<group>"; };
		225B2C0A21523015008CB82B /* Base */ = {isa = PBXFileReference; lastKnownFileType = file.storyboard; name = Base; path = Base.lproj/LaunchScreen.storyboard; sourceTree = "<group>"; };
		225B2C0C21523015008CB82B /* Info.plist */ = {isa = PBXFileReference; lastKnownFileType = text.plist.xml; path = Info.plist; sourceTree = "<group>"; };
		22ADC822215388B200A8C760 /* Dish.swift */ = {isa = PBXFileReference; lastKnownFileType = sourcecode.swift; path = Dish.swift; sourceTree = "<group>"; };
		22ADC8252153980900A8C760 /* Assets.xcassets */ = {isa = PBXFileReference; lastKnownFileType = folder.assetcatalog; path = Assets.xcassets; sourceTree = "<group>"; };
		22ADC8272153A4BA00A8C760 /* GoogleService-Info.plist */ = {isa = PBXFileReference; fileEncoding = 4; lastKnownFileType = text.plist.xml; path = "GoogleService-Info.plist"; sourceTree = "<group>"; };
		22ADC8292153AFF900A8C760 /* DishBrowserTableViewController.swift */ = {isa = PBXFileReference; lastKnownFileType = sourcecode.swift; path = DishBrowserTableViewController.swift; sourceTree = "<group>"; };
		22BA14E521553A4B00EEA94C /* LoginViewController.swift */ = {isa = PBXFileReference; lastKnownFileType = sourcecode.swift; path = LoginViewController.swift; sourceTree = "<group>"; };
		22BA14E721553A6000EEA94C /* SignupViewController.swift */ = {isa = PBXFileReference; lastKnownFileType = sourcecode.swift; path = SignupViewController.swift; sourceTree = "<group>"; };
		22C2A285215692AF0050EBD2 /* DishBrowserTableViewCell.swift */ = {isa = PBXFileReference; lastKnownFileType = sourcecode.swift; path = DishBrowserTableViewCell.swift; sourceTree = "<group>"; };
		798164FE3B7EA43B16755B7C /* Pods_CookWithMe.framework */ = {isa = PBXFileReference; explicitFileType = wrapper.framework; includeInIndex = 0; path = Pods_CookWithMe.framework; sourceTree = BUILT_PRODUCTS_DIR; };
		AE35D9DE6F1E78C389049192 /* Pods-CookWithMe.release.xcconfig */ = {isa = PBXFileReference; includeInIndex = 1; lastKnownFileType = text.xcconfig; name = "Pods-CookWithMe.release.xcconfig"; path = "Pods/Target Support Files/Pods-CookWithMe/Pods-CookWithMe.release.xcconfig"; sourceTree = "<group>"; };
		D679FC8472B1E30DFAC89E48 /* Pods-CookWithMe.debug.xcconfig */ = {isa = PBXFileReference; includeInIndex = 1; lastKnownFileType = text.xcconfig; name = "Pods-CookWithMe.debug.xcconfig"; path = "Pods/Target Support Files/Pods-CookWithMe/Pods-CookWithMe.debug.xcconfig"; sourceTree = "<group>"; };
/* End PBXFileReference section */

/* Begin PBXFrameworksBuildPhase section */
		225B2BFA21523011008CB82B /* Frameworks */ = {
			isa = PBXFrameworksBuildPhase;
			buildActionMask = 2147483647;
			files = (
				1EE3A3B33E3A4D88AD0F813A /* Pods_CookWithMe.framework in Frameworks */,
			);
			runOnlyForDeploymentPostprocessing = 0;
		};
/* End PBXFrameworksBuildPhase section */

/* Begin PBXGroup section */
		225B2BF421523011008CB82B = {
			isa = PBXGroup;
			children = (
				225B2BFF21523011008CB82B /* CookWithMe */,
				225B2BFE21523011008CB82B /* Products */,
				EE225224D375BCC5C3CF8F57 /* Pods */,
				51B72D35BF9F3833DBAAD4AD /* Frameworks */,
			);
			sourceTree = "<group>";
		};
		225B2BFE21523011008CB82B /* Products */ = {
			isa = PBXGroup;
			children = (
				225B2BFD21523011008CB82B /* CookWithMe.app */,
			);
			name = Products;
			sourceTree = "<group>";
		};
		225B2BFF21523011008CB82B /* CookWithMe */ = {
			isa = PBXGroup;
			children = (
				22BA14E421553A2700EEA94C /* Controller */,
				22C2A2842156927E0050EBD2 /* View */,
				22C2A2832156925C0050EBD2 /* Model */,
				225B2C0021523011008CB82B /* AppDelegate.swift */,
				225B2C0221523011008CB82B /* ViewController.swift */,
				22ADC8252153980900A8C760 /* Assets.xcassets */,
				225B2C0421523011008CB82B /* Main.storyboard */,
				225B2C0921523015008CB82B /* LaunchScreen.storyboard */,
				225B2C0C21523015008CB82B /* Info.plist */,
				22ADC8272153A4BA00A8C760 /* GoogleService-Info.plist */,
			);
			path = CookWithMe;
			sourceTree = "<group>";
		};
		22BA14E421553A2700EEA94C /* Controller */ = {
			isa = PBXGroup;
			children = (
				22BA14E521553A4B00EEA94C /* LoginViewController.swift */,
				22BA14E721553A6000EEA94C /* SignupViewController.swift */,
				22ADC8292153AFF900A8C760 /* DishBrowserTableViewController.swift */,
				220197282153FD7C0002B6BE /* AddDishViewController.swift */,
			);
			path = Controller;
			sourceTree = "<group>";
		};
		22C2A2832156925C0050EBD2 /* Model */ = {
			isa = PBXGroup;
			children = (
				22ADC822215388B200A8C760 /* Dish.swift */,
			);
			path = Model;
			sourceTree = "<group>";
		};
		22C2A2842156927E0050EBD2 /* View */ = {
			isa = PBXGroup;
			children = (
				22C2A285215692AF0050EBD2 /* DishBrowserTableViewCell.swift */,
			);
			path = View;
			sourceTree = "<group>";
		};
		51B72D35BF9F3833DBAAD4AD /* Frameworks */ = {
			isa = PBXGroup;
			children = (
				798164FE3B7EA43B16755B7C /* Pods_CookWithMe.framework */,
			);
			name = Frameworks;
			sourceTree = "<group>";
		};
		EE225224D375BCC5C3CF8F57 /* Pods */ = {
			isa = PBXGroup;
			children = (
				D679FC8472B1E30DFAC89E48 /* Pods-CookWithMe.debug.xcconfig */,
				AE35D9DE6F1E78C389049192 /* Pods-CookWithMe.release.xcconfig */,
			);
			name = Pods;
			sourceTree = "<group>";
		};
/* End PBXGroup section */

/* Begin PBXNativeTarget section */
		225B2BFC21523011008CB82B /* CookWithMe */ = {
			isa = PBXNativeTarget;
			buildConfigurationList = 225B2C0F21523015008CB82B /* Build configuration list for PBXNativeTarget "CookWithMe" */;
			buildPhases = (
				9C0FE4E960ADE4F93A68A137 /* [CP] Check Pods Manifest.lock */,
				225B2BF921523011008CB82B /* Sources */,
				225B2BFA21523011008CB82B /* Frameworks */,
				225B2BFB21523011008CB82B /* Resources */,
				3C058692551587F90B5FAFFE /* [CP] Embed Pods Frameworks */,
			);
			buildRules = (
			);
			dependencies = (
			);
			name = CookWithMe;
			productName = CookWithMe;
			productReference = 225B2BFD21523011008CB82B /* CookWithMe.app */;
			productType = "com.apple.product-type.application";
		};
/* End PBXNativeTarget section */

/* Begin PBXProject section */
		225B2BF521523011008CB82B /* Project object */ = {
			isa = PBXProject;
			attributes = {
				LastSwiftUpdateCheck = 0940;
				LastUpgradeCheck = 0940;
				ORGANIZATIONNAME = "Ivan Rzhanoi";
				TargetAttributes = {
					225B2BFC21523011008CB82B = {
						CreatedOnToolsVersion = 9.4.1;
					};
				};
			};
			buildConfigurationList = 225B2BF821523011008CB82B /* Build configuration list for PBXProject "CookWithMe" */;
			compatibilityVersion = "Xcode 9.3";
			developmentRegion = en;
			hasScannedForEncodings = 0;
			knownRegions = (
				en,
				Base,
			);
			mainGroup = 225B2BF421523011008CB82B;
			productRefGroup = 225B2BFE21523011008CB82B /* Products */;
			projectDirPath = "";
			projectRoot = "";
			targets = (
				225B2BFC21523011008CB82B /* CookWithMe */,
			);
		};
/* End PBXProject section */

/* Begin PBXResourcesBuildPhase section */
		225B2BFB21523011008CB82B /* Resources */ = {
			isa = PBXResourcesBuildPhase;
			buildActionMask = 2147483647;
			files = (
				225B2C0B21523015008CB82B /* LaunchScreen.storyboard in Resources */,
				22ADC8282153A4BA00A8C760 /* GoogleService-Info.plist in Resources */,
				22ADC8262153980900A8C760 /* Assets.xcassets in Resources */,
				225B2C0621523011008CB82B /* Main.storyboard in Resources */,
			);
			runOnlyForDeploymentPostprocessing = 0;
		};
/* End PBXResourcesBuildPhase section */

/* Begin PBXShellScriptBuildPhase section */
		3C058692551587F90B5FAFFE /* [CP] Embed Pods Frameworks */ = {
			isa = PBXShellScriptBuildPhase;
			buildActionMask = 2147483647;
			files = (
			);
			inputPaths = (
				"${SRCROOT}/Pods/Target Support Files/Pods-CookWithMe/Pods-CookWithMe-frameworks.sh",
				"${BUILT_PRODUCTS_DIR}/BoringSSL/openssl.framework",
				"${BUILT_PRODUCTS_DIR}/GTMSessionFetcher/GTMSessionFetcher.framework",
				"${BUILT_PRODUCTS_DIR}/GoogleToolboxForMac/GoogleToolboxForMac.framework",
				"${BUILT_PRODUCTS_DIR}/Protobuf/Protobuf.framework",
				"${BUILT_PRODUCTS_DIR}/SwiftKeychainWrapper/SwiftKeychainWrapper.framework",
				"${BUILT_PRODUCTS_DIR}/gRPC/GRPCClient.framework",
				"${BUILT_PRODUCTS_DIR}/gRPC-Core/grpc.framework",
				"${BUILT_PRODUCTS_DIR}/gRPC-ProtoRPC/ProtoRPC.framework",
				"${BUILT_PRODUCTS_DIR}/gRPC-RxLibrary/RxLibrary.framework",
				"${BUILT_PRODUCTS_DIR}/leveldb-library/leveldb.framework",
				"${BUILT_PRODUCTS_DIR}/nanopb/nanopb.framework",
			);
			name = "[CP] Embed Pods Frameworks";
			outputPaths = (
				"${TARGET_BUILD_DIR}/${FRAMEWORKS_FOLDER_PATH}/openssl.framework",
				"${TARGET_BUILD_DIR}/${FRAMEWORKS_FOLDER_PATH}/GTMSessionFetcher.framework",
				"${TARGET_BUILD_DIR}/${FRAMEWORKS_FOLDER_PATH}/GoogleToolboxForMac.framework",
				"${TARGET_BUILD_DIR}/${FRAMEWORKS_FOLDER_PATH}/Protobuf.framework",
				"${TARGET_BUILD_DIR}/${FRAMEWORKS_FOLDER_PATH}/SwiftKeychainWrapper.framework",
				"${TARGET_BUILD_DIR}/${FRAMEWORKS_FOLDER_PATH}/GRPCClient.framework",
				"${TARGET_BUILD_DIR}/${FRAMEWORKS_FOLDER_PATH}/grpc.framework",
				"${TARGET_BUILD_DIR}/${FRAMEWORKS_FOLDER_PATH}/ProtoRPC.framework",
				"${TARGET_BUILD_DIR}/${FRAMEWORKS_FOLDER_PATH}/RxLibrary.framework",
				"${TARGET_BUILD_DIR}/${FRAMEWORKS_FOLDER_PATH}/leveldb.framework",
				"${TARGET_BUILD_DIR}/${FRAMEWORKS_FOLDER_PATH}/nanopb.framework",
			);
			runOnlyForDeploymentPostprocessing = 0;
			shellPath = /bin/sh;
			shellScript = "\"${SRCROOT}/Pods/Target Support Files/Pods-CookWithMe/Pods-CookWithMe-frameworks.sh\"\n";
			showEnvVarsInLog = 0;
		};
		9C0FE4E960ADE4F93A68A137 /* [CP] Check Pods Manifest.lock */ = {
			isa = PBXShellScriptBuildPhase;
			buildActionMask = 2147483647;
			files = (
			);
			inputPaths = (
				"${PODS_PODFILE_DIR_PATH}/Podfile.lock",
				"${PODS_ROOT}/Manifest.lock",
			);
			name = "[CP] Check Pods Manifest.lock";
			outputPaths = (
				"$(DERIVED_FILE_DIR)/Pods-CookWithMe-checkManifestLockResult.txt",
			);
			runOnlyForDeploymentPostprocessing = 0;
			shellPath = /bin/sh;
			shellScript = "diff \"${PODS_PODFILE_DIR_PATH}/Podfile.lock\" \"${PODS_ROOT}/Manifest.lock\" > /dev/null\nif [ $? != 0 ] ; then\n    # print error to STDERR\n    echo \"error: The sandbox is not in sync with the Podfile.lock. Run 'pod install' or update your CocoaPods installation.\" >&2\n    exit 1\nfi\n# This output is used by Xcode 'outputs' to avoid re-running this script phase.\necho \"SUCCESS\" > \"${SCRIPT_OUTPUT_FILE_0}\"\n";
			showEnvVarsInLog = 0;
		};
/* End PBXShellScriptBuildPhase section */

/* Begin PBXSourcesBuildPhase section */
		225B2BF921523011008CB82B /* Sources */ = {
			isa = PBXSourcesBuildPhase;
			buildActionMask = 2147483647;
			files = (
				22C2A286215692AF0050EBD2 /* DishBrowserTableViewCell.swift in Sources */,
				22BA14E621553A4B00EEA94C /* LoginViewController.swift in Sources */,
				22BA14E821553A6000EEA94C /* SignupViewController.swift in Sources */,
				22ADC823215388B200A8C760 /* Dish.swift in Sources */,
				225B2C0321523011008CB82B /* ViewController.swift in Sources */,
				22ADC82A2153AFF900A8C760 /* DishBrowserTableViewController.swift in Sources */,
				225B2C0121523011008CB82B /* AppDelegate.swift in Sources */,
				220197292153FD7C0002B6BE /* AddDishViewController.swift in Sources */,
			);
			runOnlyForDeploymentPostprocessing = 0;
		};
/* End PBXSourcesBuildPhase section */

/* Begin PBXVariantGroup section */
		225B2C0421523011008CB82B /* Main.storyboard */ = {
			isa = PBXVariantGroup;
			children = (
				225B2C0521523011008CB82B /* Base */,
			);
			name = Main.storyboard;
			sourceTree = "<group>";
		};
		225B2C0921523015008CB82B /* LaunchScreen.storyboard */ = {
			isa = PBXVariantGroup;
			children = (
				225B2C0A21523015008CB82B /* Base */,
			);
			name = LaunchScreen.storyboard;
			sourceTree = "<group>";
		};
/* End PBXVariantGroup section */

/* Begin XCBuildConfiguration section */
		225B2C0D21523015008CB82B /* Debug */ = {
			isa = XCBuildConfiguration;
			buildSettings = {
				ALWAYS_SEARCH_USER_PATHS = NO;
				CLANG_ANALYZER_NONNULL = YES;
				CLANG_ANALYZER_NUMBER_OBJECT_CONVERSION = YES_AGGRESSIVE;
				CLANG_CXX_LANGUAGE_STANDARD = "gnu++14";
				CLANG_CXX_LIBRARY = "libc++";
				CLANG_ENABLE_MODULES = YES;
				CLANG_ENABLE_OBJC_ARC = YES;
				CLANG_ENABLE_OBJC_WEAK = YES;
				CLANG_WARN_BLOCK_CAPTURE_AUTORELEASING = YES;
				CLANG_WARN_BOOL_CONVERSION = YES;
				CLANG_WARN_COMMA = YES;
				CLANG_WARN_CONSTANT_CONVERSION = YES;
				CLANG_WARN_DEPRECATED_OBJC_IMPLEMENTATIONS = YES;
				CLANG_WARN_DIRECT_OBJC_ISA_USAGE = YES_ERROR;
				CLANG_WARN_DOCUMENTATION_COMMENTS = YES;
				CLANG_WARN_EMPTY_BODY = YES;
				CLANG_WARN_ENUM_CONVERSION = YES;
				CLANG_WARN_INFINITE_RECURSION = YES;
				CLANG_WARN_INT_CONVERSION = YES;
				CLANG_WARN_NON_LITERAL_NULL_CONVERSION = YES;
				CLANG_WARN_OBJC_IMPLICIT_RETAIN_SELF = YES;
				CLANG_WARN_OBJC_LITERAL_CONVERSION = YES;
				CLANG_WARN_OBJC_ROOT_CLASS = YES_ERROR;
				CLANG_WARN_RANGE_LOOP_ANALYSIS = YES;
				CLANG_WARN_STRICT_PROTOTYPES = YES;
				CLANG_WARN_SUSPICIOUS_MOVE = YES;
				CLANG_WARN_UNGUARDED_AVAILABILITY = YES_AGGRESSIVE;
				CLANG_WARN_UNREACHABLE_CODE = YES;
				CLANG_WARN__DUPLICATE_METHOD_MATCH = YES;
				CODE_SIGN_IDENTITY = "iPhone Developer";
				COPY_PHASE_STRIP = NO;
				DEBUG_INFORMATION_FORMAT = dwarf;
				ENABLE_STRICT_OBJC_MSGSEND = YES;
				ENABLE_TESTABILITY = YES;
				GCC_C_LANGUAGE_STANDARD = gnu11;
				GCC_DYNAMIC_NO_PIC = NO;
				GCC_NO_COMMON_BLOCKS = YES;
				GCC_OPTIMIZATION_LEVEL = 0;
				GCC_PREPROCESSOR_DEFINITIONS = (
					"DEBUG=1",
					"$(inherited)",
				);
				GCC_WARN_64_TO_32_BIT_CONVERSION = YES;
				GCC_WARN_ABOUT_RETURN_TYPE = YES_ERROR;
				GCC_WARN_UNDECLARED_SELECTOR = YES;
				GCC_WARN_UNINITIALIZED_AUTOS = YES_AGGRESSIVE;
				GCC_WARN_UNUSED_FUNCTION = YES;
				GCC_WARN_UNUSED_VARIABLE = YES;
				IPHONEOS_DEPLOYMENT_TARGET = 11.4;
				MTL_ENABLE_DEBUG_INFO = YES;
				ONLY_ACTIVE_ARCH = YES;
				SDKROOT = iphoneos;
				SWIFT_ACTIVE_COMPILATION_CONDITIONS = DEBUG;
				SWIFT_OPTIMIZATION_LEVEL = "-Onone";
			};
			name = Debug;
		};
		225B2C0E21523015008CB82B /* Release */ = {
			isa = XCBuildConfiguration;
			buildSettings = {
				ALWAYS_SEARCH_USER_PATHS = NO;
				CLANG_ANALYZER_NONNULL = YES;
				CLANG_ANALYZER_NUMBER_OBJECT_CONVERSION = YES_AGGRESSIVE;
				CLANG_CXX_LANGUAGE_STANDARD = "gnu++14";
				CLANG_CXX_LIBRARY = "libc++";
				CLANG_ENABLE_MODULES = YES;
				CLANG_ENABLE_OBJC_ARC = YES;
				CLANG_ENABLE_OBJC_WEAK = YES;
				CLANG_WARN_BLOCK_CAPTURE_AUTORELEASING = YES;
				CLANG_WARN_BOOL_CONVERSION = YES;
				CLANG_WARN_COMMA = YES;
				CLANG_WARN_CONSTANT_CONVERSION = YES;
				CLANG_WARN_DEPRECATED_OBJC_IMPLEMENTATIONS = YES;
				CLANG_WARN_DIRECT_OBJC_ISA_USAGE = YES_ERROR;
				CLANG_WARN_DOCUMENTATION_COMMENTS = YES;
				CLANG_WARN_EMPTY_BODY = YES;
				CLANG_WARN_ENUM_CONVERSION = YES;
				CLANG_WARN_INFINITE_RECURSION = YES;
				CLANG_WARN_INT_CONVERSION = YES;
				CLANG_WARN_NON_LITERAL_NULL_CONVERSION = YES;
				CLANG_WARN_OBJC_IMPLICIT_RETAIN_SELF = YES;
				CLANG_WARN_OBJC_LITERAL_CONVERSION = YES;
				CLANG_WARN_OBJC_ROOT_CLASS = YES_ERROR;
				CLANG_WARN_RANGE_LOOP_ANALYSIS = YES;
				CLANG_WARN_STRICT_PROTOTYPES = YES;
				CLANG_WARN_SUSPICIOUS_MOVE = YES;
				CLANG_WARN_UNGUARDED_AVAILABILITY = YES_AGGRESSIVE;
				CLANG_WARN_UNREACHABLE_CODE = YES;
				CLANG_WARN__DUPLICATE_METHOD_MATCH = YES;
				CODE_SIGN_IDENTITY = "iPhone Developer";
				COPY_PHASE_STRIP = NO;
				DEBUG_INFORMATION_FORMAT = "dwarf-with-dsym";
				ENABLE_NS_ASSERTIONS = NO;
				ENABLE_STRICT_OBJC_MSGSEND = YES;
				GCC_C_LANGUAGE_STANDARD = gnu11;
				GCC_NO_COMMON_BLOCKS = YES;
				GCC_WARN_64_TO_32_BIT_CONVERSION = YES;
				GCC_WARN_ABOUT_RETURN_TYPE = YES_ERROR;
				GCC_WARN_UNDECLARED_SELECTOR = YES;
				GCC_WARN_UNINITIALIZED_AUTOS = YES_AGGRESSIVE;
				GCC_WARN_UNUSED_FUNCTION = YES;
				GCC_WARN_UNUSED_VARIABLE = YES;
				IPHONEOS_DEPLOYMENT_TARGET = 11.4;
				MTL_ENABLE_DEBUG_INFO = NO;
				SDKROOT = iphoneos;
				SWIFT_COMPILATION_MODE = wholemodule;
				SWIFT_OPTIMIZATION_LEVEL = "-O";
				VALIDATE_PRODUCT = YES;
			};
			name = Release;
		};
		225B2C1021523015008CB82B /* Debug */ = {
			isa = XCBuildConfiguration;
			baseConfigurationReference = D679FC8472B1E30DFAC89E48 /* Pods-CookWithMe.debug.xcconfig */;
			buildSettings = {
				ASSETCATALOG_COMPILER_APPICON_NAME = AppIcon;
				CODE_SIGN_STYLE = Automatic;
				DEVELOPMENT_TEAM = FF8XS2JGH6;
				INFOPLIST_FILE = CookWithMe/Info.plist;
				LD_RUNPATH_SEARCH_PATHS = (
					"$(inherited)",
					"@executable_path/Frameworks",
				);
				PRODUCT_BUNDLE_IDENTIFIER = com.ivanrz.CookWithMe;
				PRODUCT_NAME = "$(TARGET_NAME)";
				SWIFT_VERSION = 4.0;
				TARGETED_DEVICE_FAMILY = "1,2";
			};
			name = Debug;
		};
		225B2C1121523015008CB82B /* Release */ = {
			isa = XCBuildConfiguration;
			baseConfigurationReference = AE35D9DE6F1E78C389049192 /* Pods-CookWithMe.release.xcconfig */;
			buildSettings = {
				ASSETCATALOG_COMPILER_APPICON_NAME = AppIcon;
				CODE_SIGN_STYLE = Automatic;
				DEVELOPMENT_TEAM = FF8XS2JGH6;
				INFOPLIST_FILE = CookWithMe/Info.plist;
				LD_RUNPATH_SEARCH_PATHS = (
					"$(inherited)",
					"@executable_path/Frameworks",
				);
				PRODUCT_BUNDLE_IDENTIFIER = com.ivanrz.CookWithMe;
				PRODUCT_NAME = "$(TARGET_NAME)";
				SWIFT_VERSION = 4.0;
				TARGETED_DEVICE_FAMILY = "1,2";
			};
			name = Release;
		};
/* End XCBuildConfiguration section */

/* Begin XCConfigurationList section */
		225B2BF821523011008CB82B /* Build configuration list for PBXProject "CookWithMe" */ = {
			isa = XCConfigurationList;
			buildConfigurations = (
				225B2C0D21523015008CB82B /* Debug */,
				225B2C0E21523015008CB82B /* Release */,
			);
			defaultConfigurationIsVisible = 0;
			defaultConfigurationName = Release;
		};
		225B2C0F21523015008CB82B /* Build configuration list for PBXNativeTarget "CookWithMe" */ = {
			isa = XCConfigurationList;
			buildConfigurations = (
				225B2C1021523015008CB82B /* Debug */,
				225B2C1121523015008CB82B /* Release */,
			);
			defaultConfigurationIsVisible = 0;
			defaultConfigurationName = Release;
		};
/* End XCConfigurationList section */
	};
	rootObject = 225B2BF521523011008CB82B /* Project object */;
}
